PODS:
  - Action (5.0.0):
    - RxCocoa (~> 6.0)
    - RxSwift (~> 6.0)
  - Alamofire (5.8.0)
  - Differentiator (5.0.0)
  - HandyJSON (5.0.2)
  - IGListDiffKit (4.0.0)
  - IGListKit (4.0.0):
    - IGListDiffKit (= 4.0.0)
  - IQKeyboardManager (6.5.12)
  - JXSegmentedView (1.3.0)
  - Kingfisher (6.3.1)
  - MBProgressHUD (1.2.0)
  - MJRefresh (3.7.5)
  - MMKV (1.3.1):
    - MMKVCore (~> 1.3.1)
  - MMKVCore (1.3.1)
  - Moya/Core (15.0.0):
    - Alamofire (~> 5.0)
  - Moya/RxSwift (15.0.0):
    - Moya/Core
    - RxSwift (~> 6.0)
  - MZTimerLabel (0.5.4)
  - "NSObject+Rx (5.2.2)":
    - RxSwift (~> 6.2)
  - QMUIKit (4.6.0):
    - QMUIKit/QMUIComponents (= 4.6.0)
    - QMUIKit/QMUICore (= 4.6.0)
    - QMUIKit/QMUILog (= 4.6.0)
    - QMUIKit/QMUIMainFrame (= 4.6.0)
    - QMUIKit/QMUIResources (= 4.6.0)
    - QMUIKit/QMUIWeakObjectContainer (= 4.6.0)
  - QMUIKit/QMUIComponents (4.6.0):
    - QMUIKit/QMUIComponents/NavigationBarTransition (= 4.6.0)
    - QMUIKit/QMUIComponents/QMUIAlertController (= 4.6.0)
    - QMUIKit/QMUIComponents/QMUIAnimation (= 4.6.0)
    - QMUIKit/QMUIComponents/QMUIAppearance (= 4.6.0)
    - QMUIKit/QMUIComponents/QMUIAssetLibrary (= 4.6.0)
    - QMUIKit/QMUIComponents/QMUIBadge (= 4.6.0)
    - QMUIKit/QMUIComponents/QMUIButton (= 4.6.0)
    - QMUIKit/QMUIComponents/QMUICAAnimationExtension (= 4.6.0)
    - QMUIKit/QMUIComponents/QMUICALayerExtension (= 4.6.0)
    - QMUIKit/QMUIComponents/QMUICellHeightCache (= 4.6.0)
    - QMUIKit/QMUIComponents/QMUICellHeightKeyCache (= 4.6.0)
    - QMUIKit/QMUIComponents/QMUICellSizeKeyCache (= 4.6.0)
    - QMUIKit/QMUIComponents/QMUICollectionViewPagingLayout (= 4.6.0)
    - QMUIKit/QMUIComponents/QMUIConsole (= 4.6.0)
    - QMUIKit/QMUIComponents/QMUIDialogViewController (= 4.6.0)
    - QMUIKit/QMUIComponents/QMUIEmotionInputManager (= 4.6.0)
    - QMUIKit/QMUIComponents/QMUIEmotionView (= 4.6.0)
    - QMUIKit/QMUIComponents/QMUIEmptyView (= 4.6.0)
    - QMUIKit/QMUIComponents/QMUIFloatLayoutView (= 4.6.0)
    - QMUIKit/QMUIComponents/QMUIGridView (= 4.6.0)
    - QMUIKit/QMUIComponents/QMUIImagePickerLibrary (= 4.6.0)
    - QMUIKit/QMUIComponents/QMUIImagePreviewView (= 4.6.0)
    - QMUIKit/QMUIComponents/QMUIKeyboardManager (= 4.6.0)
    - QMUIKit/QMUIComponents/QMUILabel (= 4.6.0)
    - QMUIKit/QMUIComponents/QMUILogManagerViewController (= 4.6.0)
    - QMUIKit/QMUIComponents/QMUILogWithConfigurationSupported (= 4.6.0)
    - QMUIKit/QMUIComponents/QMUIMarqueeLabel (= 4.6.0)
    - QMUIKit/QMUIComponents/QMUIModalPresentationViewController (= 4.6.0)
    - QMUIKit/QMUIComponents/QMUIMoreOperationController (= 4.6.0)
    - QMUIKit/QMUIComponents/QMUIMultipleDelegates (= 4.6.0)
    - QMUIKit/QMUIComponents/QMUINavigationButton (= 4.6.0)
    - QMUIKit/QMUIComponents/QMUINavigationTitleView (= 4.6.0)
    - QMUIKit/QMUIComponents/QMUIOrderedDictionary (= 4.6.0)
    - QMUIKit/QMUIComponents/QMUIPieProgressView (= 4.6.0)
    - QMUIKit/QMUIComponents/QMUIPopupContainerView (= 4.6.0)
    - QMUIKit/QMUIComponents/QMUIPopupMenuView (= 4.6.0)
    - QMUIKit/QMUIComponents/QMUIScrollAnimator (= 4.6.0)
    - QMUIKit/QMUIComponents/QMUISearchBar (= 4.6.0)
    - QMUIKit/QMUIComponents/QMUISearchController (= 4.6.0)
    - QMUIKit/QMUIComponents/QMUISegmentedControl (= 4.6.0)
    - QMUIKit/QMUIComponents/QMUIStaticTableView (= 4.6.0)
    - QMUIKit/QMUIComponents/QMUITableView (= 4.6.0)
    - QMUIKit/QMUIComponents/QMUITableViewCell (= 4.6.0)
    - QMUIKit/QMUIComponents/QMUITableViewHeaderFooterView (= 4.6.0)
    - QMUIKit/QMUIComponents/QMUITableViewProtocols (= 4.6.0)
    - QMUIKit/QMUIComponents/QMUITestView (= 4.6.0)
    - QMUIKit/QMUIComponents/QMUITextField (= 4.6.0)
    - QMUIKit/QMUIComponents/QMUITextView (= 4.6.0)
    - QMUIKit/QMUIComponents/QMUITheme (= 4.6.0)
    - QMUIKit/QMUIComponents/QMUITips (= 4.6.0)
    - QMUIKit/QMUIComponents/QMUIToastView (= 4.6.0)
    - QMUIKit/QMUIComponents/QMUIToolbarButton (= 4.6.0)
    - QMUIKit/QMUIComponents/QMUIWindowSizeMonitor (= 4.6.0)
    - QMUIKit/QMUIComponents/QMUIZoomImageView (= 4.6.0)
    - QMUIKit/QMUICore
  - QMUIKit/QMUIComponents/NavigationBarTransition (4.6.0):
    - QMUIKit/QMUIComponents/QMUINavigationTitleView
    - QMUIKit/QMUICore
    - QMUIKit/QMUIMainFrame
  - QMUIKit/QMUIComponents/QMUIAlertController (4.6.0):
    - QMUIKit/QMUIComponents/QMUIAppearance
    - QMUIKit/QMUIComponents/QMUIButton
    - QMUIKit/QMUIComponents/QMUIKeyboardManager
    - QMUIKit/QMUIComponents/QMUILabel
    - QMUIKit/QMUIComponents/QMUIModalPresentationViewController
    - QMUIKit/QMUIComponents/QMUITextField
    - QMUIKit/QMUICore
  - QMUIKit/QMUIComponents/QMUIAnimation (4.6.0):
    - QMUIKit/QMUICore
  - QMUIKit/QMUIComponents/QMUIAppearance (4.6.0):
    - QMUIKit/QMUICore
  - QMUIKit/QMUIComponents/QMUIAssetLibrary (4.6.0):
    - QMUIKit/QMUICore
  - QMUIKit/QMUIComponents/QMUIBadge (4.6.0):
    - QMUIKit/QMUIComponents/QMUILabel
    - QMUIKit/QMUICore
  - QMUIKit/QMUIComponents/QMUIButton (4.6.0):
    - QMUIKit/QMUICore
  - QMUIKit/QMUIComponents/QMUICAAnimationExtension (4.6.0):
    - QMUIKit/QMUIComponents/QMUIMultipleDelegates
    - QMUIKit/QMUICore
  - QMUIKit/QMUIComponents/QMUICALayerExtension (4.6.0):
    - QMUIKit/QMUIComponents/QMUIMultipleDelegates
    - QMUIKit/QMUICore
  - QMUIKit/QMUIComponents/QMUICellHeightCache (4.6.0):
    - QMUIKit/QMUIComponents/QMUITableViewProtocols
    - QMUIKit/QMUICore
  - QMUIKit/QMUIComponents/QMUICellHeightKeyCache (4.6.0):
    - QMUIKit/QMUIComponents/QMUIMultipleDelegates
    - QMUIKit/QMUIComponents/QMUITableViewProtocols
    - QMUIKit/QMUICore
  - QMUIKit/QMUIComponents/QMUICellSizeKeyCache (4.6.0):
    - QMUIKit/QMUIComponents/QMUIMultipleDelegates
    - QMUIKit/QMUICore
  - QMUIKit/QMUIComponents/QMUICollectionViewPagingLayout (4.6.0):
    - QMUIKit/QMUICore
  - QMUIKit/QMUIComponents/QMUIConsole (4.6.0):
    - QMUIKit/QMUIComponents/QMUIButton
    - QMUIKit/QMUIComponents/QMUICAAnimationExtension
    - QMUIKit/QMUIComponents/QMUICellHeightKeyCache
    - QMUIKit/QMUIComponents/QMUIPopupMenuView
    - QMUIKit/QMUIComponents/QMUITableView
    - QMUIKit/QMUIComponents/QMUITableViewCell
    - QMUIKit/QMUIComponents/QMUITextField
    - QMUIKit/QMUIComponents/QMUITextView
    - QMUIKit/QMUICore
    - QMUIKit/QMUIResources
  - QMUIKit/QMUIComponents/QMUIDialogViewController (4.6.0):
    - QMUIKit/QMUIComponents/QMUIAppearance
    - QMUIKit/QMUIComponents/QMUIButton
    - QMUIKit/QMUIComponents/QMUILabel
    - QMUIKit/QMUIComponents/QMUIModalPresentationViewController
    - QMUIKit/QMUIComponents/QMUINavigationTitleView
    - QMUIKit/QMUIComponents/QMUITableView
    - QMUIKit/QMUIComponents/QMUITableViewCell
    - QMUIKit/QMUIComponents/QMUITextField
    - QMUIKit/QMUICore
    - QMUIKit/QMUIMainFrame
  - QMUIKit/QMUIComponents/QMUIEmotionInputManager (4.6.0):
    - QMUIKit/QMUIComponents/QMUIEmotionView
    - QMUIKit/QMUICore
  - QMUIKit/QMUIComponents/QMUIEmotionView (4.6.0):
    - QMUIKit/QMUIComponents/QMUIButton
    - QMUIKit/QMUICore
    - QMUIKit/QMUIResources
  - QMUIKit/QMUIComponents/QMUIEmptyView (4.6.0):
    - QMUIKit/QMUIComponents/QMUIAppearance
    - QMUIKit/QMUIComponents/QMUIButton
    - QMUIKit/QMUICore
  - QMUIKit/QMUIComponents/QMUIFloatLayoutView (4.6.0):
    - QMUIKit/QMUICore
  - QMUIKit/QMUIComponents/QMUIGridView (4.6.0):
    - QMUIKit/QMUICore
  - QMUIKit/QMUIComponents/QMUIImagePickerLibrary (4.6.0):
    - QMUIKit/QMUIComponents/QMUIAlertController
    - QMUIKit/QMUIComponents/QMUIAppearance
    - QMUIKit/QMUIComponents/QMUIAssetLibrary
    - QMUIKit/QMUIComponents/QMUIButton
    - QMUIKit/QMUIComponents/QMUIEmptyView
    - QMUIKit/QMUIComponents/QMUIImagePreviewView
    - QMUIKit/QMUIComponents/QMUINavigationButton
    - QMUIKit/QMUIComponents/QMUITableViewCell
    - QMUIKit/QMUIComponents/QMUIZoomImageView
    - QMUIKit/QMUICore
    - QMUIKit/QMUIMainFrame
    - QMUIKit/QMUIResources
  - QMUIKit/QMUIComponents/QMUIImagePreviewView (4.6.0):
    - QMUIKit/QMUIComponents/QMUIAppearance
    - QMUIKit/QMUIComponents/QMUIButton
    - QMUIKit/QMUIComponents/QMUICollectionViewPagingLayout
    - QMUIKit/QMUIComponents/QMUIEmptyView
    - QMUIKit/QMUIComponents/QMUIPieProgressView
    - QMUIKit/QMUIComponents/QMUIZoomImageView
    - QMUIKit/QMUICore
    - QMUIKit/QMUIMainFrame
  - QMUIKit/QMUIComponents/QMUIKeyboardManager (4.6.0):
    - QMUIKit/QMUIComponents/QMUIAppearance
    - QMUIKit/QMUIComponents/QMUIMultipleDelegates
    - QMUIKit/QMUICore
  - QMUIKit/QMUIComponents/QMUILabel (4.6.0):
    - QMUIKit/QMUICore
  - QMUIKit/QMUIComponents/QMUILogManagerViewController (4.6.0):
    - QMUIKit/QMUIComponents/QMUIPopupMenuView
    - QMUIKit/QMUIComponents/QMUISearchController
    - QMUIKit/QMUIComponents/QMUIStaticTableView
    - QMUIKit/QMUIComponents/QMUITableView
    - QMUIKit/QMUICore
    - QMUIKit/QMUIMainFrame
  - QMUIKit/QMUIComponents/QMUILogWithConfigurationSupported (4.6.0):
    - QMUIKit/QMUICore
  - QMUIKit/QMUIComponents/QMUIMarqueeLabel (4.6.0):
    - QMUIKit/QMUICore
  - QMUIKit/QMUIComponents/QMUIModalPresentationViewController (4.6.0):
    - QMUIKit/QMUIComponents/QMUIAppearance
    - QMUIKit/QMUIComponents/QMUIKeyboardManager
    - QMUIKit/QMUICore
  - QMUIKit/QMUIComponents/QMUIMoreOperationController (4.6.0):
    - QMUIKit/QMUIComponents/QMUIAppearance
    - QMUIKit/QMUIComponents/QMUIButton
    - QMUIKit/QMUIComponents/QMUIModalPresentationViewController
    - QMUIKit/QMUICore
  - QMUIKit/QMUIComponents/QMUIMultipleDelegates (4.6.0):
    - QMUIKit/QMUICore
  - QMUIKit/QMUIComponents/QMUINavigationButton (4.6.0):
    - QMUIKit/QMUICore
    - QMUIKit/QMUIMainFrame
  - QMUIKit/QMUIComponents/QMUINavigationTitleView (4.6.0):
    - QMUIKit/QMUIComponents/QMUIAppearance
    - QMUIKit/QMUIComponents/QMUIButton
    - QMUIKit/QMUICore
  - QMUIKit/QMUIComponents/QMUIOrderedDictionary (4.6.0):
    - QMUIKit/QMUICore
  - QMUIKit/QMUIComponents/QMUIPieProgressView (4.6.0):
    - QMUIKit/QMUICore
  - QMUIKit/QMUIComponents/QMUIPopupContainerView (4.6.0):
    - QMUIKit/QMUIComponents/QMUIAppearance
    - QMUIKit/QMUICore
    - QMUIKit/QMUIMainFrame
  - QMUIKit/QMUIComponents/QMUIPopupMenuView (4.6.0):
    - QMUIKit/QMUIComponents/QMUIButton
    - QMUIKit/QMUIComponents/QMUIPopupContainerView
    - QMUIKit/QMUICore
  - QMUIKit/QMUIComponents/QMUIScrollAnimator (4.6.0):
    - QMUIKit/QMUIComponents/QMUIMultipleDelegates
    - QMUIKit/QMUICore
  - QMUIKit/QMUIComponents/QMUISearchBar (4.6.0):
    - QMUIKit/QMUICore
  - QMUIKit/QMUIComponents/QMUISearchController (4.6.0):
    - QMUIKit/QMUIComponents/QMUIEmptyView
    - QMUIKit/QMUIComponents/QMUISearchBar
    - QMUIKit/QMUICore
    - QMUIKit/QMUIMainFrame
  - QMUIKit/QMUIComponents/QMUISegmentedControl (4.6.0):
    - QMUIKit/QMUICore
  - QMUIKit/QMUIComponents/QMUIStaticTableView (4.6.0):
    - QMUIKit/QMUIComponents/QMUIMultipleDelegates
    - QMUIKit/QMUIComponents/QMUITableViewCell
    - QMUIKit/QMUICore
  - QMUIKit/QMUIComponents/QMUITableView (4.6.0):
    - QMUIKit/QMUIComponents/QMUITableViewProtocols
    - QMUIKit/QMUICore
  - QMUIKit/QMUIComponents/QMUITableViewCell (4.6.0):
    - QMUIKit/QMUIComponents/QMUIButton
    - QMUIKit/QMUICore
  - QMUIKit/QMUIComponents/QMUITableViewHeaderFooterView (4.6.0):
    - QMUIKit/QMUICore
  - QMUIKit/QMUIComponents/QMUITableViewProtocols (4.6.0):
    - QMUIKit/QMUICore
  - QMUIKit/QMUIComponents/QMUITestView (4.6.0):
    - QMUIKit/QMUICore
  - QMUIKit/QMUIComponents/QMUITextField (4.6.0):
    - QMUIKit/QMUIComponents/QMUIMultipleDelegates
    - QMUIKit/QMUICore
  - QMUIKit/QMUIComponents/QMUITextView (4.6.0):
    - QMUIKit/QMUIComponents/QMUILabel
    - QMUIKit/QMUIComponents/QMUIMultipleDelegates
    - QMUIKit/QMUICore
  - QMUIKit/QMUIComponents/QMUITheme (4.6.0):
    - QMUIKit/QMUIComponents/QMUIAlertController
    - QMUIKit/QMUIComponents/QMUIBadge
    - QMUIKit/QMUIComponents/QMUIButton
    - QMUIKit/QMUIComponents/QMUIConsole
    - QMUIKit/QMUIComponents/QMUIEmotionView
    - QMUIKit/QMUIComponents/QMUIEmptyView
    - QMUIKit/QMUIComponents/QMUIGridView
    - QMUIKit/QMUIComponents/QMUIImagePickerLibrary
    - QMUIKit/QMUIComponents/QMUIImagePreviewView
    - QMUIKit/QMUIComponents/QMUILabel
    - QMUIKit/QMUIComponents/QMUIModalPresentationViewController
    - QMUIKit/QMUIComponents/QMUIPopupContainerView
    - QMUIKit/QMUIComponents/QMUIPopupMenuView
    - QMUIKit/QMUIComponents/QMUITextField
    - QMUIKit/QMUIComponents/QMUITextView
    - QMUIKit/QMUIComponents/QMUIToastView
    - QMUIKit/QMUICore
  - QMUIKit/QMUIComponents/QMUITips (4.6.0):
    - QMUIKit/QMUIComponents/QMUIToastView
    - QMUIKit/QMUICore
    - QMUIKit/QMUIResources
  - QMUIKit/QMUIComponents/QMUIToastView (4.6.0):
    - QMUIKit/QMUIComponents/QMUIKeyboardManager
    - QMUIKit/QMUICore
  - QMUIKit/QMUIComponents/QMUIToolbarButton (4.6.0):
    - QMUIKit/QMUICore
  - QMUIKit/QMUIComponents/QMUIWindowSizeMonitor (4.6.0):
    - QMUIKit/QMUICore
  - QMUIKit/QMUIComponents/QMUIZoomImageView (4.6.0):
    - QMUIKit/QMUIComponents/QMUIAssetLibrary
    - QMUIKit/QMUIComponents/QMUIButton
    - QMUIKit/QMUIComponents/QMUIEmptyView
    - QMUIKit/QMUIComponents/QMUIPieProgressView
    - QMUIKit/QMUICore
    - QMUIKit/QMUIResources
  - QMUIKit/QMUICore (4.6.0):
    - QMUIKit/QMUILog
    - QMUIKit/QMUIWeakObjectContainer
  - QMUIKit/QMUILog (4.6.0)
  - QMUIKit/QMUIMainFrame (4.6.0):
    - QMUIKit/QMUIComponents/QMUIEmptyView
    - QMUIKit/QMUIComponents/QMUIKeyboardManager
    - QMUIKit/QMUIComponents/QMUIMultipleDelegates
    - QMUIKit/QMUIComponents/QMUINavigationTitleView
    - QMUIKit/QMUIComponents/QMUITableView
    - QMUIKit/QMUIComponents/QMUITableViewHeaderFooterView
    - QMUIKit/QMUICore
    - QMUIKit/QMUILog
  - QMUIKit/QMUIResources (4.6.0)
  - QMUIKit/QMUIWeakObjectContainer (4.6.0)
  - RxCocoa (6.5.0):
    - RxRelay (= 6.5.0)
    - RxSwift (= 6.5.0)
  - RxDataSources (5.0.0):
    - Differentiator (~> 5.0)
    - RxCocoa (~> 6.0)
    - RxSwift (~> 6.0)
  - RxRelay (6.5.0):
    - RxSwift (= 6.5.0)
  - RxSwift (6.5.0)
  - SGQRCode (4.1.0)
  - SnapKit (5.6.0)
  - SwiftDate (6.3.1)
  - SwiftProtobuf (1.22.1)
  - Then (3.0.0)
  - TronWeb (1.1.0)
  - TrustWalletCore (2.5.6):
    - TrustWalletCore/Core (= 2.5.6)
  - TrustWalletCore/Core (2.5.6):
    - TrustWalletCore/Types
  - TrustWalletCore/Types (2.5.6):
    - SwiftProtobuf
  - ZLPhotoBrowser (4.4.3.2):
    - ZLPhotoBrowser/Core (= 4.4.3.2)
  - ZLPhotoBrowser/Core (4.4.3.2)

DEPENDENCIES:
  - Action (= 5.0.0)
  - Alamofire (= 5.8.0)
  - HandyJSON (= 5.0.2)
  - IGListKit (= 4.0.0)
  - IQKeyboardManager (= 6.5.12)
  - JXSegmentedView (= 1.3.0)
  - Kingfisher (= 6.3.1)
  - MBProgressHUD (= 1.2.0)
  - MJRefresh (= 3.7.5)
  - MMKV (= 1.3.1)
  - Moya/RxSwift (= 15.0.0)
  - MZTimerLabel (= 0.5.4)
  - "NSObject+Rx (= 5.2.2)"
  - QMUIKit (= 4.6.0)
  - RxCocoa (= 6.5.0)
  - RxDataSources (= 5.0.0)
  - RxSwift (= 6.5.0)
  - SGQRCode (= 4.1.0)
  - SnapKit (= 5.6.0)
  - SwiftDate (= 6.3.1)
  - Then (= 3.0.0)
  - TronWeb (= 1.1.0)
  - TrustWalletCore (= 2.5.6)
  - ZLPhotoBrowser (= 4.4.3.2)

SPEC REPOS:
  trunk:
    - Action
    - Alamofire
    - Differentiator
    - HandyJSON
    - IGListDiffKit
    - IGListKit
    - IQKeyboardManager
    - JXSegmentedView
    - Kingfisher
    - MBProgressHUD
    - MJRefresh
    - MMKV
    - MMKVCore
    - Moya
    - MZTimerLabel
    - "NSObject+Rx"
    - QMUIKit
    - RxCocoa
    - RxDataSources
    - RxRelay
    - RxSwift
    - SGQRCode
    - SnapKit
    - SwiftDate
    - SwiftProtobuf
    - Then
    - TronWeb
    - TrustWalletCore
    - ZLPhotoBrowser

SPEC CHECKSUMS:
  Action: 47f1825511907b4fcd79dd7a7db9526c20f78018
  Alamofire: 0e92e751b3e9e66d7982db43919d01f313b8eb91
  Differentiator: e8497ceab83c1b10ca233716d547b9af21b9344d
  HandyJSON: 9e4e236f5d2dbefad5155a77417bbea438201c03
  IGListDiffKit: 665d6cf43ce726e676013db9c7d6c4294259b6b2
  IGListKit: fd5a5d21935298f5849fa49d426843cff97b77c7
  IQKeyboardManager: b1fd66ccf7a79095bdcc4a2735231586f744216e
  JXSegmentedView: fec0d335355b6e019c494fe2e030bde8a36d2df6
  Kingfisher: 016c8b653a35add51dd34a3aba36b580041acc74
  MBProgressHUD: 3ee5efcc380f6a79a7cc9b363dd669c5e1ae7406
  MJRefresh: fdf5e979eb406a0341468932d1dfc8b7f9fce961
  MMKV: 5a07930c70c70b86cd87761a42c8f3836fb681d7
  MMKVCore: e50135dbd33235b6ab390635991bab437ab873c0
  Moya: 138f0573e53411fb3dc17016add0b748dfbd78ee
  MZTimerLabel: cd9bfb9304540ef2a9e163384fca9c978f0dbf83
  "NSObject+Rx": 61cf1f7306a73dcef8b36649198af0813ec18dfd
  QMUIKit: 6321cf1124623d686a9ec0a79a7cc59d0d64a52c
  RxCocoa: 94f817b71c07517321eb4f9ad299112ca8af743b
  RxDataSources: aa47cc1ed6c500fa0dfecac5c979b723542d79cf
  RxRelay: 1de1523e604c72b6c68feadedd1af3b1b4d0ecbd
  RxSwift: 5710a9e6b17f3c3d6e40d6e559b9fa1e813b2ef8
  SGQRCode: 6ad664d63f38f2842503bc5087812c5a3136d924
  SnapKit: e01d52ebb8ddbc333eefe2132acf85c8227d9c25
  SwiftDate: 72d28954e8e1c6c1c0f917ccc8005e4f83c7d4b2
  SwiftProtobuf: 7773c4e96a99d7b8ab7cda0fc30a883732ff93b1
  Then: 844265ae87834bbe1147d91d5d41a404da2ec27d
  TronWeb: 21a2fb0ab0884b600023a46fef8236681ab73c2f
  TrustWalletCore: 77ed44e6965e5121245d7fafc58c56a03bf13490
  ZLPhotoBrowser: 0563c2bfc7b247b65d023d646012f46cba94101b

PODFILE CHECKSUM: c2b055bfde48b2527c4864caeb8f0adccebd5093

COCOAPODS: 1.11.3
